<?xml version="1.0" encoding="utf-8"?>
<Project ToolsVersion="4.0" xmlns="http://schemas.microsoft.com/developer/msbuild/2003">
  <ItemGroup>
    <Filter Include="Arquivos de Origem">
      <UniqueIdentifier>{4FC737F1-C7A5-4376-A066-2A32D752A2FF}</UniqueIdentifier>
      <Extensions>cpp;c;cc;cxx;c++;cppm;ixx;def;odl;idl;hpj;bat;asm;asmx</Extensions>
    </Filter>
    <Filter Include="Arquivos de Cabeçalho">
      <UniqueIdentifier>{93995380-89BD-4b04-88EB-625FBE52EBFB}</UniqueIdentifier>
      <Extensions>h;hh;hpp;hxx;h++;hm;inl;inc;ipp;xsd</Extensions>
    </Filter>
    <Filter Include="Arquivos de Recurso">
      <UniqueIdentifier>{67DA6AB6-F800-4c08-8B7A-83BB121AAD01}</UniqueIdentifier>
      <Extensions>rc;ico;cur;bmp;dlg;rc2;rct;bin;rgs;gif;jpg;jpeg;jpe;resx;tiff;tif;png;wav;mfcribbon-ms</Extensions>
    </Filter>
    <Filter Include="Arquivos de Origem\exercises">
      <UniqueIdentifier>{2d909239-04af-4640-8e98-56d65cf773d2}</UniqueIdentifier>
    </Filter>
    <Filter Include="Arquivos de Origem\notes">
      <UniqueIdentifier>{41178f8d-a04a-4604-a071-020dce03fa5a}</UniqueIdentifier>
    </Filter>
    <Filter Include="Arquivos de Origem\challenges">
      <UniqueIdentifier>{bc930c24-d7ac-42a6-a901-8db8d95ef7fd}</UniqueIdentifier>
    </Filter>
    <Filter Include="Arquivos de Origem\statements">
      <UniqueIdentifier>{bc48f127-3905-446a-8a30-6101d68eedc0}</UniqueIdentifier>
    </Filter>
  </ItemGroup>
  <ItemGroup>
    <ClCompile Include="exercises\ex002.cpp">
      <Filter>Arquivos de Origem\exercises</Filter>
    </ClCompile>
    <ClCompile Include="exercises\ex003.cpp">
      <Filter>Arquivos de Origem\exercises</Filter>
    </ClCompile>
    <ClCompile Include="exercises\ex001.cpp">
      <Filter>Arquivos de Origem\exercises</Filter>
    </ClCompile>
    <ClCompile Include="challenges\C001.cpp">
      <Filter>Arquivos de Origem\challenges</Filter>
    </ClCompile>
    <ClCompile Include="exercises\ex004.cpp">
      <Filter>Arquivos de Origem\exercises</Filter>
    </ClCompile>
    <ClCompile Include="exercises\ex005.cpp">
      <Filter>Arquivos de Origem\exercises</Filter>
    </ClCompile>
    <ClCompile Include="exercises\ex006.cpp">
      <Filter>Arquivos de Origem\exercises</Filter>
    </ClCompile>
    <ClCompile Include="exercises\ex007.cpp">
      <Filter>Arquivos de Origem\exercises</Filter>
    </ClCompile>
    <ClCompile Include="challenges\C002.cpp">
      <Filter>Arquivos de Origem\challenges</Filter>
    </ClCompile>
    <ClCompile Include="challenges\C002Part2.cpp">
      <Filter>Arquivos de Origem\challenges</Filter>
    </ClCompile>
    <ClCompile Include="exercises\ex008.cpp">
      <Filter>Arquivos de Origem</Filter>
    </ClCompile>
    <ClCompile Include="exercises\ex009.cpp">
      <Filter>Arquivos de Origem</Filter>
    </ClCompile>
    <ClCompile Include="exercises\ex010.cpp">
      <Filter>Arquivos de Origem</Filter>
    </ClCompile>
    <ClCompile Include="exercises\ex011.cpp">
      <Filter>Arquivos de Origem</Filter>
    </ClCompile>
    <ClCompile Include="exercises\ex012.cpp">
      <Filter>Arquivos de Origem</Filter>
    </ClCompile>
    <ClCompile Include="exercises\ex013.cpp">
      <Filter>Arquivos de Origem</Filter>
    </ClCompile>
    <ClCompile Include="exercises\ex014.cpp">
      <Filter>Arquivos de Origem</Filter>
    </ClCompile>
    <ClCompile Include="exercises\ex015.cpp">
      <Filter>Arquivos de Origem</Filter>
    </ClCompile>
    <ClCompile Include="exercises\ex016.cpp">
      <Filter>Arquivos de Origem</Filter>
    </ClCompile>
    <ClCompile Include="exercises\ex017.cpp">
      <Filter>Arquivos de Origem</Filter>
    </ClCompile>
    <ClCompile Include="exercises\ex018.cpp">
      <Filter>Arquivos de Origem</Filter>
    </ClCompile>
    <ClCompile Include="exercises\ex019.cpp">
      <Filter>Arquivos de Origem</Filter>
    </ClCompile>
    <ClCompile Include="challenges\C003.cpp">
      <Filter>Arquivos de Origem</Filter>
    </ClCompile>
    <ClCompile Include="challenges\C003Part2.cpp">
      <Filter>Arquivos de Origem</Filter>
    </ClCompile>
    <ClCompile Include="exercises\ex020.cpp">
      <Filter>Arquivos de Origem</Filter>
    </ClCompile>
    <ClCompile Include="exercises\ex021.cpp">
      <Filter>Arquivos de Origem</Filter>
    </ClCompile>
    <ClCompile Include="exercises\ex022.cpp">
      <Filter>Arquivos de Origem</Filter>
    </ClCompile>
    <ClCompile Include="exercises\ex023.cpp">
      <Filter>Arquivos de Origem</Filter>
    </ClCompile>
    <ClCompile Include="exercises\ex024.cpp">
      <Filter>Arquivos de Origem</Filter>
    </ClCompile>
    <ClCompile Include="exercises\ex025.cpp">
      <Filter>Arquivos de Origem</Filter>
    </ClCompile>
    <ClCompile Include="exercises\ex026.cpp">
      <Filter>Arquivos de Origem</Filter>
    </ClCompile>
    <ClCompile Include="exercises\ex027.cpp">
      <Filter>Arquivos de Origem</Filter>
    </ClCompile>
    <ClCompile Include="exercises\ex028.cpp">
      <Filter>Arquivos de Origem</Filter>
    </ClCompile>
    <ClCompile Include="challenges\C004.cpp">
      <Filter>Arquivos de Origem</Filter>
    </ClCompile>
    <ClCompile Include="challenges\C004Part2.cpp">
      <Filter>Arquivos de Origem</Filter>
    </ClCompile>
    <ClCompile Include="exercises\ex030.cpp">
      <Filter>Arquivos de Origem</Filter>
    </ClCompile>
    <ClCompile Include="exercises\ex031.cpp">
      <Filter>Arquivos de Origem</Filter>
    </ClCompile>
    <ClCompile Include="exercises\ex032.cpp">
      <Filter>Arquivos de Origem</Filter>
    </ClCompile>
    <ClCompile Include="exercises\ex033.cpp">
      <Filter>Arquivos de Origem</Filter>
    </ClCompile>
    <ClCompile Include="exercises\ex034.cpp">
      <Filter>Arquivos de Origem</Filter>
    </ClCompile>
    <ClCompile Include="exercises\ex035.cpp">
      <Filter>Arquivos de Origem</Filter>
    </ClCompile>
    <ClCompile Include="exercises\ex036.cpp">
      <Filter>Arquivos de Origem</Filter>
    </ClCompile>
    <ClCompile Include="exercises\ex037.cpp">
      <Filter>Arquivos de Origem</Filter>
    </ClCompile>
    <ClCompile Include="exercises\ex039.cpp">
      <Filter>Arquivos de Origem</Filter>
    </ClCompile>
    <ClCompile Include="exercises\ex038.cpp">
      <Filter>Arquivos de Origem</Filter>
    </ClCompile>
    <ClCompile Include="exercises\ex040.cpp">
      <Filter>Arquivos de Origem</Filter>
    </ClCompile>
    <ClCompile Include="exercises\ex041.cpp">
      <Filter>Arquivos de Origem</Filter>
    </ClCompile>
    <ClCompile Include="exercises\ex042.cpp">
      <Filter>Arquivos de Origem</Filter>
    </ClCompile>
  </ItemGroup>
  <ItemGroup>
    <None Include="notes\ex001-ex002.md">
      <Filter>Arquivos de Origem\notes</Filter>
    </None>
    <None Include="notes\ex001.md">
      <Filter>Arquivos de Origem\notes</Filter>
    </None>
    <None Include="notes\ex003.md">
      <Filter>Arquivos de Origem\notes</Filter>
    </None>
    <None Include="statements\001.md">
      <Filter>Arquivos de Origem\statements</Filter>
    </None>
    <None Include="notes\ex004.md">
      <Filter>Arquivos de Origem\notes</Filter>
    </None>
    <None Include="notes\ex005.md">
      <Filter>Arquivos de Origem\notes</Filter>
    </None>
    <None Include="notes\ex006-ex007.md">
      <Filter>Arquivos de Origem\notes</Filter>
    </None>
    <None Include="statements\002.md">
      <Filter>Arquivos de Origem\statements</Filter>
    </None>
    <None Include="notes\ex008.md" />
    <None Include="notes\ex009-ex012.md" />
    <None Include="notes\ex013-ex014.md" />
    <None Include="notes\ex015.md" />
    <None Include="notes\ex016-ex017.md" />
    <None Include="notes\ex018-ex019.md" />
    <None Include="statements\003.md" />
    <None Include="notes\ex020-ex021.md" />
    <None Include="notes\ex022.md" />
    <None Include="notes\ex023.md" />
    <None Include="notes\ex024.md" />
    <None Include="notes\ex025.md" />
    <None Include="notes\ex026.md" />
    <None Include="notes\ex027.md" />
    <None Include="notes\ex028.md" />
    <None Include="statements\004.md" />
    <None Include="notes\ex030.md" />
    <None Include="notes\ex031-ex034.md" />
    <None Include="notes\ex035-ex037.md" />
    <None Include="notes\ex038-ex039.md" />
    <None Include="notes\ex040.md" />
    <None Include="notes\ex041-ex042.md" />
  </ItemGroup>
</Project>